
Microsoft Visual Studio Solution File, Format Version 12.00
# Visual Studio Version 17
VisualStudioVersion = 17.5.33627.172
MinimumVisualStudioVersion = 10.0.40219.1
Project("{FAE04EC0-301F-11D3-BF4B-00C04F79EFBC}") = "zadanie StopnieCelsjusza", "zadanie StopnieCelsjusza\zadanie StopnieCelsjusza.csproj", "{689B4DBB-261D-4C83-9EAD-7F121115E75B}"
EndProject
Global
	GlobalSection(SolutionConfigurationPlatforms) = preSolution
		Debug|Any CPU = Debug|Any CPU
		Release|Any CPU = Release|Any CPU
	EndGlobalSection
	GlobalSection(ProjectConfigurationPlatforms) = postSolution
		{689B4DBB-261D-4C83-9EAD-7F121115E75B}.Debug|Any CPU.ActiveCfg = Debug|Any CPU
		{689B4DBB-261D-4C83-9EAD-7F121115E75B}.Debug|Any CPU.Build.0 = Debug|Any CPU
		{689B4DBB-261D-4C83-9EAD-7F121115E75B}.Release|Any CPU.ActiveCfg = Release|Any CPU
		{689B4DBB-261D-4C83-9EAD-7F121115E75B}.Release|Any CPU.Build.0 = Release|Any CPU
	EndGlobalSection
	GlobalSection(SolutionProperties) = preSolution
		HideSolutionNode = FALSE
	EndGlobalSection
	GlobalSection(ExtensibilityGlobals) = postSolution
		SolutionGuid = {F76B7770-14ED-413A-BB34-6D9D7DF136A8}
	EndGlobalSection
EndGlobal
